// !$*UTF8*$!
{
	archiveVersion = 1;
	classes = {
	};
	objectVersion = 56;
	objects = {

/* Begin PBXBuildFile section */
		650EA1BF298AA27C00F17CBB /* SilhouetteImageGenerator.swift in Sources */ = {isa = PBXBuildFile; fileRef = 650EA1BE298AA27C00F17CBB /* SilhouetteImageGenerator.swift */; };
		651F1A4A298943A90040059C /* FileManagerOperator.swift in Sources */ = {isa = PBXBuildFile; fileRef = 651F1A49298943A90040059C /* FileManagerOperator.swift */; };
		651F1A4C298949F30040059C /* QuizView.swift in Sources */ = {isa = PBXBuildFile; fileRef = 651F1A4B298949F30040059C /* QuizView.swift */; };
		652BC9342985466500F697D0 /* QuizModel.swift in Sources */ = {isa = PBXBuildFile; fileRef = 652BC9332985466500F697D0 /* QuizModel.swift */; };
		653C5161297BAD7B0000A66F /* SwiftUIPHPicker.swift in Sources */ = {isa = PBXBuildFile; fileRef = 653C5160297BAD7B0000A66F /* SwiftUIPHPicker.swift */; };
		654E4EE52976C6910010033A /* Quiz.swift in Sources */ = {isa = PBXBuildFile; fileRef = 654E4EE42976C6910010033A /* Quiz.swift */; };
		654E4EEE2976DF800010033A /* u2net.mlmodel in Sources */ = {isa = PBXBuildFile; fileRef = 654E4EED2976DF800010033A /* u2net.mlmodel */; };
		656F26FE2973C24A00746D8C /* QuizListView.swift in Sources */ = {isa = PBXBuildFile; fileRef = 656F26FD2973C24A00746D8C /* QuizListView.swift */; };
		656F27002973C40100746D8C /* QuizCreateView.swift in Sources */ = {isa = PBXBuildFile; fileRef = 656F26FF2973C40100746D8C /* QuizCreateView.swift */; };
		656F27042973CA6D00746D8C /* QuizEditView.swift in Sources */ = {isa = PBXBuildFile; fileRef = 656F27032973CA6D00746D8C /* QuizEditView.swift */; };
		65931CC32972C6E70010936C /* silhouette_quizApp.swift in Sources */ = {isa = PBXBuildFile; fileRef = 65931CC22972C6E70010936C /* silhouette_quizApp.swift */; };
		65931CC72972C6E90010936C /* Assets.xcassets in Resources */ = {isa = PBXBuildFile; fileRef = 65931CC62972C6E90010936C /* Assets.xcassets */; };
		65931CCB2972C6E90010936C /* Preview Assets.xcassets in Resources */ = {isa = PBXBuildFile; fileRef = 65931CCA2972C6E90010936C /* Preview Assets.xcassets */; };
		F51C5967C6F015B3DE696A2F /* Pods_silhouette_quiz.framework in Frameworks */ = {isa = PBXBuildFile; fileRef = 6E36A9AC46532636A9954250 /* Pods_silhouette_quiz.framework */; };
/* End PBXBuildFile section */

/* Begin PBXFileReference section */
		650EA1BE298AA27C00F17CBB /* SilhouetteImageGenerator.swift */ = {isa = PBXFileReference; lastKnownFileType = sourcecode.swift; path = SilhouetteImageGenerator.swift; sourceTree = "<group>"; };
		651F1A49298943A90040059C /* FileManagerOperator.swift */ = {isa = PBXFileReference; lastKnownFileType = sourcecode.swift; path = FileManagerOperator.swift; sourceTree = "<group>"; };
		651F1A4B298949F30040059C /* QuizView.swift */ = {isa = PBXFileReference; lastKnownFileType = sourcecode.swift; path = QuizView.swift; sourceTree = "<group>"; };
		652BC9332985466500F697D0 /* QuizModel.swift */ = {isa = PBXFileReference; lastKnownFileType = sourcecode.swift; path = QuizModel.swift; sourceTree = "<group>"; };
		653C5160297BAD7B0000A66F /* SwiftUIPHPicker.swift */ = {isa = PBXFileReference; lastKnownFileType = sourcecode.swift; path = SwiftUIPHPicker.swift; sourceTree = "<group>"; };
		654E4EE42976C6910010033A /* Quiz.swift */ = {isa = PBXFileReference; lastKnownFileType = sourcecode.swift; path = Quiz.swift; sourceTree = "<group>"; };
		654E4EED2976DF800010033A /* u2net.mlmodel */ = {isa = PBXFileReference; lastKnownFileType = file.mlmodel; path = u2net.mlmodel; sourceTree = "<group>"; };
		656F26FD2973C24A00746D8C /* QuizListView.swift */ = {isa = PBXFileReference; lastKnownFileType = sourcecode.swift; path = QuizListView.swift; sourceTree = "<group>"; };
		656F26FF2973C40100746D8C /* QuizCreateView.swift */ = {isa = PBXFileReference; lastKnownFileType = sourcecode.swift; path = QuizCreateView.swift; sourceTree = "<group>"; };
		656F27032973CA6D00746D8C /* QuizEditView.swift */ = {isa = PBXFileReference; lastKnownFileType = sourcecode.swift; path = QuizEditView.swift; sourceTree = "<group>"; };
		65931CBF2972C6E70010936C /* silhouette-quiz.app */ = {isa = PBXFileReference; explicitFileType = wrapper.application; includeInIndex = 0; path = "silhouette-quiz.app"; sourceTree = BUILT_PRODUCTS_DIR; };
		65931CC22972C6E70010936C /* silhouette_quizApp.swift */ = {isa = PBXFileReference; lastKnownFileType = sourcecode.swift; path = silhouette_quizApp.swift; sourceTree = "<group>"; };
		65931CC62972C6E90010936C /* Assets.xcassets */ = {isa = PBXFileReference; lastKnownFileType = folder.assetcatalog; path = Assets.xcassets; sourceTree = "<group>"; };
		65931CC82972C6E90010936C /* silhouette_quiz.entitlements */ = {isa = PBXFileReference; lastKnownFileType = text.plist.entitlements; path = silhouette_quiz.entitlements; sourceTree = "<group>"; };
		65931CCA2972C6E90010936C /* Preview Assets.xcassets */ = {isa = PBXFileReference; lastKnownFileType = folder.assetcatalog; path = "Preview Assets.xcassets"; sourceTree = "<group>"; };
		65BE2399297824B60023F4B0 /* Info.plist */ = {isa = PBXFileReference; lastKnownFileType = text.plist; path = Info.plist; sourceTree = "<group>"; };
		6E36A9AC46532636A9954250 /* Pods_silhouette_quiz.framework */ = {isa = PBXFileReference; explicitFileType = wrapper.framework; includeInIndex = 0; path = Pods_silhouette_quiz.framework; sourceTree = BUILT_PRODUCTS_DIR; };
		7BA1CEEC8E5444E5CCF11BFB /* Pods-silhouette-quiz.release.xcconfig */ = {isa = PBXFileReference; includeInIndex = 1; lastKnownFileType = text.xcconfig; name = "Pods-silhouette-quiz.release.xcconfig"; path = "Target Support Files/Pods-silhouette-quiz/Pods-silhouette-quiz.release.xcconfig"; sourceTree = "<group>"; };
		F3854F2A9556D117BD9FB8A5 /* Pods-silhouette-quiz.debug.xcconfig */ = {isa = PBXFileReference; includeInIndex = 1; lastKnownFileType = text.xcconfig; name = "Pods-silhouette-quiz.debug.xcconfig"; path = "Target Support Files/Pods-silhouette-quiz/Pods-silhouette-quiz.debug.xcconfig"; sourceTree = "<group>"; };
/* End PBXFileReference section */

/* Begin PBXFrameworksBuildPhase section */
		65931CBC2972C6E70010936C /* Frameworks */ = {
			isa = PBXFrameworksBuildPhase;
			buildActionMask = 2147483647;
			files = (
				F51C5967C6F015B3DE696A2F /* Pods_silhouette_quiz.framework in Frameworks */,
			);
			runOnlyForDeploymentPostprocessing = 0;
		};
/* End PBXFrameworksBuildPhase section */

/* Begin PBXGroup section */
		65931CB62972C6E70010936C = {
			isa = PBXGroup;
			children = (
				65931CC12972C6E70010936C /* silhouette-quiz */,
				65931CC02972C6E70010936C /* Products */,
				837B303FE87B7579C659ABC7 /* Pods */,
				FAF7DE255776ECCD92912921 /* Frameworks */,
			);
			sourceTree = "<group>";
		};
		65931CC02972C6E70010936C /* Products */ = {
			isa = PBXGroup;
			children = (
				65931CBF2972C6E70010936C /* silhouette-quiz.app */,
			);
			name = Products;
			sourceTree = "<group>";
		};
		65931CC12972C6E70010936C /* silhouette-quiz */ = {
			isa = PBXGroup;
			children = (
				654E4EED2976DF800010033A /* u2net.mlmodel */,
				65BE2399297824B60023F4B0 /* Info.plist */,
				65931CC22972C6E70010936C /* silhouette_quizApp.swift */,
				654E4EE42976C6910010033A /* Quiz.swift */,
				652BC9332985466500F697D0 /* QuizModel.swift */,
				653C5160297BAD7B0000A66F /* SwiftUIPHPicker.swift */,
				651F1A49298943A90040059C /* FileManagerOperator.swift */,
				650EA1BE298AA27C00F17CBB /* SilhouetteImageGenerator.swift */,
				656F26FD2973C24A00746D8C /* QuizListView.swift */,
				656F26FF2973C40100746D8C /* QuizCreateView.swift */,
				656F27032973CA6D00746D8C /* QuizEditView.swift */,
				651F1A4B298949F30040059C /* QuizView.swift */,
				65931CC62972C6E90010936C /* Assets.xcassets */,
				65931CC82972C6E90010936C /* silhouette_quiz.entitlements */,
				65931CC92972C6E90010936C /* Preview Content */,
			);
			path = "silhouette-quiz";
			sourceTree = "<group>";
		};
		65931CC92972C6E90010936C /* Preview Content */ = {
			isa = PBXGroup;
			children = (
				65931CCA2972C6E90010936C /* Preview Assets.xcassets */,
			);
			path = "Preview Content";
			sourceTree = "<group>";
		};
		837B303FE87B7579C659ABC7 /* Pods */ = {
			isa = PBXGroup;
			children = (
				F3854F2A9556D117BD9FB8A5 /* Pods-silhouette-quiz.debug.xcconfig */,
				7BA1CEEC8E5444E5CCF11BFB /* Pods-silhouette-quiz.release.xcconfig */,
			);
			path = Pods;
			sourceTree = "<group>";
		};
		FAF7DE255776ECCD92912921 /* Frameworks */ = {
			isa = PBXGroup;
			children = (
				6E36A9AC46532636A9954250 /* Pods_silhouette_quiz.framework */,
			);
			name = Frameworks;
			sourceTree = "<group>";
		};
/* End PBXGroup section */

/* Begin PBXNativeTarget section */
		65931CBE2972C6E70010936C /* silhouette-quiz */ = {
			isa = PBXNativeTarget;
			buildConfigurationList = 65931CCE2972C6E90010936C /* Build configuration list for PBXNativeTarget "silhouette-quiz" */;
			buildPhases = (
				FAF468D235FF03DA9C3AC11B /* [CP] Check Pods Manifest.lock */,
				65931CBB2972C6E70010936C /* Sources */,
				65931CBC2972C6E70010936C /* Frameworks */,
				65931CBD2972C6E70010936C /* Resources */,
				29440B0D1E6D3545D3015A82 /* [CP] Embed Pods Frameworks */,
			);
			buildRules = (
			);
			dependencies = (
			);
			name = "silhouette-quiz";
			productName = "silhouette-quiz";
			productReference = 65931CBF2972C6E70010936C /* silhouette-quiz.app */;
			productType = "com.apple.product-type.application";
		};
/* End PBXNativeTarget section */

/* Begin PBXProject section */
		65931CB72972C6E70010936C /* Project object */ = {
			isa = PBXProject;
			attributes = {
				BuildIndependentTargetsInParallel = 1;
				LastSwiftUpdateCheck = 1410;
				LastUpgradeCheck = 1410;
				TargetAttributes = {
					65931CBE2972C6E70010936C = {
						CreatedOnToolsVersion = 14.1;
					};
				};
			};
			buildConfigurationList = 65931CBA2972C6E70010936C /* Build configuration list for PBXProject "silhouette-quiz" */;
			compatibilityVersion = "Xcode 14.0";
			developmentRegion = en;
			hasScannedForEncodings = 0;
			knownRegions = (
				en,
				Base,
			);
			mainGroup = 65931CB62972C6E70010936C;
			productRefGroup = 65931CC02972C6E70010936C /* Products */;
			projectDirPath = "";
			projectRoot = "";
			targets = (
				65931CBE2972C6E70010936C /* silhouette-quiz */,
			);
		};
/* End PBXProject section */

/* Begin PBXResourcesBuildPhase section */
		65931CBD2972C6E70010936C /* Resources */ = {
			isa = PBXResourcesBuildPhase;
			buildActionMask = 2147483647;
			files = (
				65931CCB2972C6E90010936C /* Preview Assets.xcassets in Resources */,
				65931CC72972C6E90010936C /* Assets.xcassets in Resources */,
			);
			runOnlyForDeploymentPostprocessing = 0;
		};
/* End PBXResourcesBuildPhase section */

/* Begin PBXShellScriptBuildPhase section */
		29440B0D1E6D3545D3015A82 /* [CP] Embed Pods Frameworks */ = {
			isa = PBXShellScriptBuildPhase;
			buildActionMask = 2147483647;
			files = (
			);
			inputFileListPaths = (
				"${PODS_ROOT}/Target Support Files/Pods-silhouette-quiz/Pods-silhouette-quiz-frameworks-${CONFIGURATION}-input-files.xcfilelist",
			);
			name = "[CP] Embed Pods Frameworks";
			outputFileListPaths = (
				"${PODS_ROOT}/Target Support Files/Pods-silhouette-quiz/Pods-silhouette-quiz-frameworks-${CONFIGURATION}-output-files.xcfilelist",
			);
			runOnlyForDeploymentPostprocessing = 0;
			shellPath = /bin/sh;
			shellScript = "\"${PODS_ROOT}/Target Support Files/Pods-silhouette-quiz/Pods-silhouette-quiz-frameworks.sh\"\n";
			showEnvVarsInLog = 0;
		};
		FAF468D235FF03DA9C3AC11B /* [CP] Check Pods Manifest.lock */ = {
			isa = PBXShellScriptBuildPhase;
			buildActionMask = 2147483647;
			files = (
			);
			inputFileListPaths = (
			);
			inputPaths = (
				"${PODS_PODFILE_DIR_PATH}/Podfile.lock",
				"${PODS_ROOT}/Manifest.lock",
			);
			name = "[CP] Check Pods Manifest.lock";
			outputFileListPaths = (
			);
			outputPaths = (
				"$(DERIVED_FILE_DIR)/Pods-silhouette-quiz-checkManifestLockResult.txt",
			);
			runOnlyForDeploymentPostprocessing = 0;
			shellPath = /bin/sh;
			shellScript = "diff \"${PODS_PODFILE_DIR_PATH}/Podfile.lock\" \"${PODS_ROOT}/Manifest.lock\" > /dev/null\nif [ $? != 0 ] ; then\n    # print error to STDERR\n    echo \"error: The sandbox is not in sync with the Podfile.lock. Run 'pod install' or update your CocoaPods installation.\" >&2\n    exit 1\nfi\n# This output is used by Xcode 'outputs' to avoid re-running this script phase.\necho \"SUCCESS\" > \"${SCRIPT_OUTPUT_FILE_0}\"\n";
			showEnvVarsInLog = 0;
		};
/* End PBXShellScriptBuildPhase section */

/* Begin PBXSourcesBuildPhase section */
		65931CBB2972C6E70010936C /* Sources */ = {
			isa = PBXSourcesBuildPhase;
			buildActionMask = 2147483647;
			files = (
				656F26FE2973C24A00746D8C /* QuizListView.swift in Sources */,
				651F1A4A298943A90040059C /* FileManagerOperator.swift in Sources */,
				650EA1BF298AA27C00F17CBB /* SilhouetteImageGenerator.swift in Sources */,
				654E4EEE2976DF800010033A /* u2net.mlmodel in Sources */,
				651F1A4C298949F30040059C /* QuizView.swift in Sources */,
				652BC9342985466500F697D0 /* QuizModel.swift in Sources */,
				65931CC32972C6E70010936C /* silhouette_quizApp.swift in Sources */,
				656F27002973C40100746D8C /* QuizCreateView.swift in Sources */,
				656F27042973CA6D00746D8C /* QuizEditView.swift in Sources */,
				653C5161297BAD7B0000A66F /* SwiftUIPHPicker.swift in Sources */,
				654E4EE52976C6910010033A /* Quiz.swift in Sources */,
			);
			runOnlyForDeploymentPostprocessing = 0;
		};
/* End PBXSourcesBuildPhase section */

/* Begin XCBuildConfiguration section */
		65931CCC2972C6E90010936C /* Debug */ = {
			isa = XCBuildConfiguration;
			buildSettings = {
				ALWAYS_SEARCH_USER_PATHS = NO;
				CLANG_ANALYZER_NONNULL = YES;
				CLANG_ANALYZER_NUMBER_OBJECT_CONVERSION = YES_AGGRESSIVE;
				CLANG_CXX_LANGUAGE_STANDARD = "gnu++20";
				CLANG_ENABLE_MODULES = YES;
				CLANG_ENABLE_OBJC_ARC = YES;
				CLANG_ENABLE_OBJC_WEAK = YES;
				CLANG_WARN_BLOCK_CAPTURE_AUTORELEASING = YES;
				CLANG_WARN_BOOL_CONVERSION = YES;
				CLANG_WARN_COMMA = YES;
				CLANG_WARN_CONSTANT_CONVERSION = YES;
				CLANG_WARN_DEPRECATED_OBJC_IMPLEMENTATIONS = YES;
				CLANG_WARN_DIRECT_OBJC_ISA_USAGE = YES_ERROR;
				CLANG_WARN_DOCUMENTATION_COMMENTS = YES;
				CLANG_WARN_EMPTY_BODY = YES;
				CLANG_WARN_ENUM_CONVERSION = YES;
				CLANG_WARN_INFINITE_RECURSION = YES;
				CLANG_WARN_INT_CONVERSION = YES;
				CLANG_WARN_NON_LITERAL_NULL_CONVERSION = YES;
				CLANG_WARN_OBJC_IMPLICIT_RETAIN_SELF = YES;
				CLANG_WARN_OBJC_LITERAL_CONVERSION = YES;
				CLANG_WARN_OBJC_ROOT_CLASS = YES_ERROR;
				CLANG_WARN_QUOTED_INCLUDE_IN_FRAMEWORK_HEADER = YES;
				CLANG_WARN_RANGE_LOOP_ANALYSIS = YES;
				CLANG_WARN_STRICT_PROTOTYPES = YES;
				CLANG_WARN_SUSPICIOUS_MOVE = YES;
				CLANG_WARN_UNGUARDED_AVAILABILITY = YES_AGGRESSIVE;
				CLANG_WARN_UNREACHABLE_CODE = YES;
				CLANG_WARN__DUPLICATE_METHOD_MATCH = YES;
				COPY_PHASE_STRIP = NO;
				DEBUG_INFORMATION_FORMAT = dwarf;
				ENABLE_STRICT_OBJC_MSGSEND = YES;
				ENABLE_TESTABILITY = YES;
				GCC_C_LANGUAGE_STANDARD = gnu11;
				GCC_DYNAMIC_NO_PIC = NO;
				GCC_NO_COMMON_BLOCKS = YES;
				GCC_OPTIMIZATION_LEVEL = 0;
				GCC_PREPROCESSOR_DEFINITIONS = (
					"DEBUG=1",
					"$(inherited)",
				);
				GCC_WARN_64_TO_32_BIT_CONVERSION = YES;
				GCC_WARN_ABOUT_RETURN_TYPE = YES_ERROR;
				GCC_WARN_UNDECLARED_SELECTOR = YES;
				GCC_WARN_UNINITIALIZED_AUTOS = YES_AGGRESSIVE;
				GCC_WARN_UNUSED_FUNCTION = YES;
				GCC_WARN_UNUSED_VARIABLE = YES;
				MTL_ENABLE_DEBUG_INFO = INCLUDE_SOURCE;
				MTL_FAST_MATH = YES;
				ONLY_ACTIVE_ARCH = YES;
				SWIFT_ACTIVE_COMPILATION_CONDITIONS = DEBUG;
				SWIFT_OPTIMIZATION_LEVEL = "-Onone";
			};
			name = Debug;
		};
		65931CCD2972C6E90010936C /* Release */ = {
			isa = XCBuildConfiguration;
			buildSettings = {
				ALWAYS_SEARCH_USER_PATHS = NO;
				CLANG_ANALYZER_NONNULL = YES;
				CLANG_ANALYZER_NUMBER_OBJECT_CONVERSION = YES_AGGRESSIVE;
				CLANG_CXX_LANGUAGE_STANDARD = "gnu++20";
				CLANG_ENABLE_MODULES = YES;
				CLANG_ENABLE_OBJC_ARC = YES;
				CLANG_ENABLE_OBJC_WEAK = YES;
				CLANG_WARN_BLOCK_CAPTURE_AUTORELEASING = YES;
				CLANG_WARN_BOOL_CONVERSION = YES;
				CLANG_WARN_COMMA = YES;
				CLANG_WARN_CONSTANT_CONVERSION = YES;
				CLANG_WARN_DEPRECATED_OBJC_IMPLEMENTATIONS = YES;
				CLANG_WARN_DIRECT_OBJC_ISA_USAGE = YES_ERROR;
				CLANG_WARN_DOCUMENTATION_COMMENTS = YES;
				CLANG_WARN_EMPTY_BODY = YES;
				CLANG_WARN_ENUM_CONVERSION = YES;
				CLANG_WARN_INFINITE_RECURSION = YES;
				CLANG_WARN_INT_CONVERSION = YES;
				CLANG_WARN_NON_LITERAL_NULL_CONVERSION = YES;
				CLANG_WARN_OBJC_IMPLICIT_RETAIN_SELF = YES;
				CLANG_WARN_OBJC_LITERAL_CONVERSION = YES;
				CLANG_WARN_OBJC_ROOT_CLASS = YES_ERROR;
				CLANG_WARN_QUOTED_INCLUDE_IN_FRAMEWORK_HEADER = YES;
				CLANG_WARN_RANGE_LOOP_ANALYSIS = YES;
				CLANG_WARN_STRICT_PROTOTYPES = YES;
				CLANG_WARN_SUSPICIOUS_MOVE = YES;
				CLANG_WARN_UNGUARDED_AVAILABILITY = YES_AGGRESSIVE;
				CLANG_WARN_UNREACHABLE_CODE = YES;
				CLANG_WARN__DUPLICATE_METHOD_MATCH = YES;
				COPY_PHASE_STRIP = NO;
				DEBUG_INFORMATION_FORMAT = "dwarf-with-dsym";
				ENABLE_NS_ASSERTIONS = NO;
				ENABLE_STRICT_OBJC_MSGSEND = YES;
				GCC_C_LANGUAGE_STANDARD = gnu11;
				GCC_NO_COMMON_BLOCKS = YES;
				GCC_WARN_64_TO_32_BIT_CONVERSION = YES;
				GCC_WARN_ABOUT_RETURN_TYPE = YES_ERROR;
				GCC_WARN_UNDECLARED_SELECTOR = YES;
				GCC_WARN_UNINITIALIZED_AUTOS = YES_AGGRESSIVE;
				GCC_WARN_UNUSED_FUNCTION = YES;
				GCC_WARN_UNUSED_VARIABLE = YES;
				MTL_ENABLE_DEBUG_INFO = NO;
				MTL_FAST_MATH = YES;
				SWIFT_COMPILATION_MODE = wholemodule;
				SWIFT_OPTIMIZATION_LEVEL = "-O";
			};
			name = Release;
		};
		65931CCF2972C6E90010936C /* Debug */ = {
			isa = XCBuildConfiguration;
			baseConfigurationReference = F3854F2A9556D117BD9FB8A5 /* Pods-silhouette-quiz.debug.xcconfig */;
			buildSettings = {
				ASSETCATALOG_COMPILER_APPICON_NAME = AppIcon;
				ASSETCATALOG_COMPILER_GLOBAL_ACCENT_COLOR_NAME = AccentColor;
				CODE_SIGN_ENTITLEMENTS = "silhouette-quiz/silhouette_quiz.entitlements";
				CODE_SIGN_IDENTITY = "Apple Development";
				CODE_SIGN_STYLE = Automatic;
				CURRENT_PROJECT_VERSION = 1;
				DEVELOPMENT_ASSET_PATHS = "\"silhouette-quiz/Preview Content\"";
				DEVELOPMENT_TEAM = 4B6ND8364Q;
				ENABLE_HARDENED_RUNTIME = YES;
				ENABLE_PREVIEWS = YES;
				GENERATE_INFOPLIST_FILE = YES;
				INFOPLIST_FILE = "silhouette-quiz/Info.plist";
				"INFOPLIST_KEY_UIApplicationSceneManifest_Generation[sdk=iphoneos*]" = YES;
				"INFOPLIST_KEY_UIApplicationSceneManifest_Generation[sdk=iphonesimulator*]" = YES;
				"INFOPLIST_KEY_UIApplicationSupportsIndirectInputEvents[sdk=iphoneos*]" = YES;
				"INFOPLIST_KEY_UIApplicationSupportsIndirectInputEvents[sdk=iphonesimulator*]" = YES;
				"INFOPLIST_KEY_UILaunchScreen_Generation[sdk=iphoneos*]" = YES;
				"INFOPLIST_KEY_UILaunchScreen_Generation[sdk=iphonesimulator*]" = YES;
				"INFOPLIST_KEY_UIStatusBarStyle[sdk=iphoneos*]" = UIStatusBarStyleDefault;
				"INFOPLIST_KEY_UIStatusBarStyle[sdk=iphonesimulator*]" = UIStatusBarStyleDefault;
				INFOPLIST_KEY_UISupportedInterfaceOrientations_iPad = "UIInterfaceOrientationPortrait UIInterfaceOrientationPortraitUpsideDown UIInterfaceOrientationLandscapeLeft UIInterfaceOrientationLandscapeRight";
				INFOPLIST_KEY_UISupportedInterfaceOrientations_iPhone = "UIInterfaceOrientationPortrait UIInterfaceOrientationLandscapeLeft UIInterfaceOrientationLandscapeRight";
				INFOPLIST_KEY_UIUserInterfaceStyle = Light;
				IPHONEOS_DEPLOYMENT_TARGET = 16.0;
				LD_RUNPATH_SEARCH_PATHS = "@executable_path/Frameworks";
				"LD_RUNPATH_SEARCH_PATHS[sdk=macosx*]" = "@executable_path/../Frameworks";
				MACOSX_DEPLOYMENT_TARGET = 12.5;
				MARKETING_VERSION = 1.0;
				PRODUCT_BUNDLE_IDENTIFIER = "app.tatehito.silhouette-quiz";
				PRODUCT_NAME = "$(TARGET_NAME)";
				PROVISIONING_PROFILE_SPECIFIER = "";
				SDKROOT = auto;
				SUPPORTED_PLATFORMS = "iphoneos iphonesimulator macosx";
				SWIFT_EMIT_LOC_STRINGS = YES;
				SWIFT_VERSION = 5.0;
				TARGETED_DEVICE_FAMILY = "1,2";
			};
			name = Debug;
		};
		65931CD02972C6E90010936C /* Release */ = {
			isa = XCBuildConfiguration;
			baseConfigurationReference = 7BA1CEEC8E5444E5CCF11BFB /* Pods-silhouette-quiz.release.xcconfig */;
			buildSettings = {
				ASSETCATALOG_COMPILER_APPICON_NAME = AppIcon;
				ASSETCATALOG_COMPILER_GLOBAL_ACCENT_COLOR_NAME = AccentColor;
				CODE_SIGN_ENTITLEMENTS = "silhouette-quiz/silhouette_quiz.entitlements";
				CODE_SIGN_IDENTITY = "Apple Development";
				CODE_SIGN_STYLE = Automatic;
				CURRENT_PROJECT_VERSION = 1;
				DEVELOPMENT_ASSET_PATHS = "\"silhouette-quiz/Preview Content\"";
				DEVELOPMENT_TEAM = 4B6ND8364Q;
				ENABLE_HARDENED_RUNTIME = YES;
				ENABLE_PREVIEWS = YES;
				GENERATE_INFOPLIST_FILE = YES;
				INFOPLIST_FILE = "silhouette-quiz/Info.plist";
				"INFOPLIST_KEY_UIApplicationSceneManifest_Generation[sdk=iphoneos*]" = YES;
				"INFOPLIST_KEY_UIApplicationSceneManifest_Generation[sdk=iphonesimulator*]" = YES;
				"INFOPLIST_KEY_UIApplicationSupportsIndirectInputEvents[sdk=iphoneos*]" = YES;
				"INFOPLIST_KEY_UIApplicationSupportsIndirectInputEvents[sdk=iphonesimulator*]" = YES;
				"INFOPLIST_KEY_UILaunchScreen_Generation[sdk=iphoneos*]" = YES;
				"INFOPLIST_KEY_UILaunchScreen_Generation[sdk=iphonesimulator*]" = YES;
				"INFOPLIST_KEY_UIStatusBarStyle[sdk=iphoneos*]" = UIStatusBarStyleDefault;
				"INFOPLIST_KEY_UIStatusBarStyle[sdk=iphonesimulator*]" = UIStatusBarStyleDefault;
				INFOPLIST_KEY_UISupportedInterfaceOrientations_iPad = "UIInterfaceOrientationPortrait UIInterfaceOrientationPortraitUpsideDown UIInterfaceOrientationLandscapeLeft UIInterfaceOrientationLandscapeRight";
				INFOPLIST_KEY_UISupportedInterfaceOrientations_iPhone = "UIInterfaceOrientationPortrait UIInterfaceOrientationLandscapeLeft UIInterfaceOrientationLandscapeRight";
				INFOPLIST_KEY_UIUserInterfaceStyle = Light;
				IPHONEOS_DEPLOYMENT_TARGET = 16.0;
				LD_RUNPATH_SEARCH_PATHS = "@executable_path/Frameworks";
				"LD_RUNPATH_SEARCH_PATHS[sdk=macosx*]" = "@executable_path/../Frameworks";
				MACOSX_DEPLOYMENT_TARGET = 12.5;
				MARKETING_VERSION = 1.0;
				PRODUCT_BUNDLE_IDENTIFIER = "app.tatehito.silhouette-quiz";
				PRODUCT_NAME = "$(TARGET_NAME)";
				PROVISIONING_PROFILE_SPECIFIER = "";
				SDKROOT = auto;
				SUPPORTED_PLATFORMS = "iphoneos iphonesimulator macosx";
				SWIFT_EMIT_LOC_STRINGS = YES;
				SWIFT_VERSION = 5.0;
				TARGETED_DEVICE_FAMILY = "1,2";
			};
			name = Release;
		};
/* End XCBuildConfiguration section */

/* Begin XCConfigurationList section */
		65931CBA2972C6E70010936C /* Build configuration list for PBXProject "silhouette-quiz" */ = {
			isa = XCConfigurationList;
			buildConfigurations = (
				65931CCC2972C6E90010936C /* Debug */,
				65931CCD2972C6E90010936C /* Release */,
			);
			defaultConfigurationIsVisible = 0;
			defaultConfigurationName = Release;
		};
		65931CCE2972C6E90010936C /* Build configuration list for PBXNativeTarget "silhouette-quiz" */ = {
			isa = XCConfigurationList;
			buildConfigurations = (
				65931CCF2972C6E90010936C /* Debug */,
				65931CD02972C6E90010936C /* Release */,
			);
			defaultConfigurationIsVisible = 0;
			defaultConfigurationName = Release;
		};
/* End XCConfigurationList section */
	};
	rootObject = 65931CB72972C6E70010936C /* Project object */;
}
